{
  "nodes": {
    "cachyos-kernel": {
      "flake": false,
      "locked": {
        "lastModified": 1784569577,
        "narHash": "sha256-pmwdKRPSavZ98QJv/Xlbj2U60AZ/+P4aevLBZ71jDaA=",
        "owner": "CachyOS",
        "repo": "linux-cachyos",
        "rev": "5ca2493c51b1cadec102c9c549345b43f669960b",
        "type": "github"
      },
      "original": {
        "owner": "CachyOS",
        "repo": "linux-cachyos",
        "type": "github"
      }
    },
    "cachyos-kernel-patches": {
      "flake": false,
      "locked": {
        "lastModified": 1783974915,
        "narHash": "sha256-kReDG2emoGxaG0Lr8tt9jUuu1kQu07yAJZhVWfbwxYc=",
        "owner": "CachyOS",
        "repo": "kernel-patches",
        "rev": "ea739d734ec179864b21446856315bc49f7c52fa",
        "type": "github"
      },
      "original": {
        "owner": "CachyOS",
        "repo": "kernel-patches",
        "type": "github"
      }
    },
    "daeuniverse": {
      "inputs": {
        "flake-parts": "flake-parts",
        "nixpkgs": "nixpkgs"
      },
      "locked": {
        "lastModified": 1784274386,
        "narHash": "sha256-xTya+X7BvERG2+N4PR8nG/PhS66S6cOb5Ybt3+6xKWc=",
        "owner": "daeuniverse",
        "repo": "flake.nix",
        "rev": "4a12b5ec401076194b6aaa170d95f5e3683c22c7",
        "type": "github"
      },
      "original": {
        "owner": "daeuniverse",
        "repo": "flake.nix",
        "type": "github"
      }
    },
    "disko": {
      "inputs": {
        "nixpkgs": [
          "nixpkgs"
        ]
      },
      "locked": {
        "lastModified": 1781152676,
        "narHash": "sha256-RxWs5ND31KzTG7wvMM+PMfUjyNpmIEr999lqNARaM5o=",
        "owner": "nix-community",
        "repo": "disko",
        "rev": "ff8702b4de27f72b4c78573dfb89ec74e36abdf1",
        "type": "github"
      },
      "original": {
        "owner": "nix-community",
        "repo": "disko",
        "type": "github"
      }
    },
    "flake-compat": {
      "flake": false,
      "locked": {
        "lastModified": 1767039857,
        "narHash": "sha256-vNpUSpF5Nuw8xvDLj2KCwwksIbjua2LZCqhV1LNRDns=",
        "owner": "NixOS",
        "repo": "flake-compat",
        "rev": "5edf11c44bc78a0d334f6334cdaf7d60d732daab",
        "type": "github"
      },
      "original": {
        "owner": "NixOS",
        "repo": "flake-compat",
        "type": "github"
      }
    },
    "flake-parts": {
      "inputs": {
        "nixpkgs-lib": "nixpkgs-lib"
      },
      "locked": {
        "lastModified": 1775087534,
        "narHash": "sha256-91qqW8lhL7TLwgQWijoGBbiD4t7/q75KTi8NxjVmSmA=",
        "owner": "hercules-ci",
        "repo": "flake-parts",
        "rev": "3107b77cd68437b9a76194f0f7f9c55f2329ca5b",
        "type": "github"
      },
      "original": {
        "owner": "hercules-ci",
        "repo": "flake-parts",
        "type": "github"
      }
    },
    "flake-parts_2": {
      "inputs": {
        "nixpkgs-lib": "nixpkgs-lib_2"
      },
      "locked": {
        "lastModified": 1782949081,
        "narHash": "sha256-vp6Y/Grm98ESt6ceOkWiHWyZRDV3J1RID4w+6NWK9yA=",
        "owner": "hercules-ci",
        "repo": "flake-parts",
        "rev": "17c9d6cdfc60c64f4ee8d306f9bc0b4ccb51481e",
        "type": "github"
      },
      "original": {
        "owner": "hercules-ci",
        "repo": "flake-parts",
        "type": "github"
      }
    },
    "flake-utils": {
      "inputs": {
        "systems": "systems"
      },
      "locked": {
        "lastModified": 1731533236,
        "narHash": "sha256-l0KFg5HjrsfsO/JpG+r7fRrqm12kzFHyUHqHCVpMMbI=",
        "owner": "numtide",
        "repo": "flake-utils",
        "rev": "11707dc2f618dd54ca8739b309ec4fc024de578b",
        "type": "github"
      },
      "original": {
        "owner": "numtide",
        "repo": "flake-utils",
        "type": "github"
      }
    },
    "flake-utils_2": {
      "inputs": {
        "systems": "systems_2"
      },
      "locked": {
        "lastModified": 1731533236,
        "narHash": "sha256-l0KFg5HjrsfsO/JpG+r7fRrqm12kzFHyUHqHCVpMMbI=",
        "owner": "numtide",
        "repo": "flake-utils",
        "rev": "11707dc2f618dd54ca8739b309ec4fc024de578b",
        "type": "github"
      },
      "original": {
        "owner": "numtide",
        "repo": "flake-utils",
        "type": "github"
      }
    },
    "home-manager": {
      "inputs": {
        "nixpkgs": "nixpkgs_2"
      },
      "locked": {
        "lastModified": 1784588016,
        "narHash": "sha256-ouZe80aWEhMLVMkqICFDN+JUw+0FJtCr/bh+hHtRtMg=",
        "owner": "nix-community",
        "repo": "home-manager",
        "rev": "deeb6b7eb7e0c44ae1819c051ce175bd92a85100",
        "type": "github"
      },
      "original": {
        "owner": "nix-community",
        "repo": "home-manager",
        "type": "github"
      }
    },
    "lazyvim": {
      "inputs": {
        "flake-utils": "flake-utils",
        "nixpkgs": "nixpkgs_3"
      },
      "locked": {
        "lastModified": 1781223826,
        "narHash": "sha256-ezB1SLk4wyBkJZC9NHKn21FsheyVdmFha+FO/6tflO4=",
        "owner": "pfassina",
        "repo": "lazyvim-nix",
        "rev": "d1f9bd2bfff35708dfaf75351bce06580a862f61",
        "type": "github"
      },
      "original": {
        "owner": "pfassina",
        "repo": "lazyvim-nix",
        "type": "github"
      }
    },
    "miyu": {
      "inputs": {
        "flake-utils": "flake-utils_2",
        "miyu-src": "miyu-src",
        "nixpkgs": "nixpkgs_4",
        "rust-overlay": "rust-overlay"
      },
      "locked": {
        "lastModified": 1784482031,
        "narHash": "sha256-X1HhYX70WMI/akJ3QOEuYoTjwmSVcZfkETugqgHDFRo=",
        "owner": "yigexuanmu",
        "repo": "Miyu",
        "rev": "b8e2db85f4261fe2e453bedc7c30c571d0ac548f",
        "type": "github"
      },
      "original": {
        "owner": "yigexuanmu",
        "repo": "Miyu",
        "type": "github"
      }
    },
    "miyu-src": {
      "flake": false,
      "locked": {
        "lastModified": 1784477244,
        "narHash": "sha256-pxYNnqhqJt6SEu8HcBk/HqafGI3RnQbC6wyU5tFdz/E=",
        "owner": "SHORiN-KiWATA",
        "repo": "Miyu",
        "rev": "77f60cd34dcc6ae8cb4c0adbdd2155f7728984d9",
        "type": "github"
      },
      "original": {
        "owner": "SHORiN-KiWATA",
        "repo": "Miyu",
        "type": "github"
      }
    },
    "nix-cachyos-kernel": {
      "inputs": {
        "cachyos-kernel": "cachyos-kernel",
        "cachyos-kernel-patches": "cachyos-kernel-patches",
        "flake-compat": "flake-compat",
        "flake-parts": "flake-parts_2",
        "nixpkgs": "nixpkgs_5"
      },
      "locked": {
        "lastModified": 1784575047,
        "narHash": "sha256-ju+67boaCPERK5VVFUAT6nOIb1wG91QfjaCN5EkUc1g=",
        "owner": "xddxdd",
        "repo": "nix-cachyos-kernel",
        "rev": "56ec72527d1d28448211b25c4a43efd9b913b0d6",
        "type": "github"
      },
      "original": {
        "owner": "xddxdd",
        "repo": "nix-cachyos-kernel",
        "type": "github"
      }
    },
    "nixpkgs": {
      "locked": {
        "lastModified": 1776548001,
        "narHash": "sha256-ZSK0NL4a1BwVbbTBoSnWgbJy9HeZFXLYQizjb2DPF24=",
        "owner": "NixOS",
        "repo": "nixpkgs",
        "rev": "b12141ef619e0a9c1c84dc8c684040326f27cdcc",
        "type": "github"
      },
      "original": {
        "owner": "NixOS",
        "ref": "nixos-unstable",
        "repo": "nixpkgs",
        "type": "github"
      }
    },
    "nixpkgs-lib": {
      "locked": {
        "lastModified": 1774748309,
        "narHash": "sha256-+U7gF3qxzwD5TZuANzZPeJTZRHS29OFQgkQ2kiTJBIQ=",
        "owner": "nix-community",
        "repo": "nixpkgs.lib",
        "rev": "333c4e0545a6da976206c74db8773a1645b5870a",
        "type": "github"
      },
      "original": {
        "owner": "nix-community",
        "repo": "nixpkgs.lib",
        "type": "github"
      }
    },
    "nixpkgs-lib_2": {
      "locked": {
        "lastModified": 1782614948,
        "narHash": "sha256-ePjCwr1sNm9NYUqywL7QfK3JnlS015msC+eBu2zKlp8=",
        "owner": "nix-community",
        "repo": "nixpkgs.lib",
        "rev": "db3f255737b94216eb71cce308e2912cf6bc2d7c",
        "type": "github"
      },
      "original": {
        "owner": "nix-community",
        "repo": "nixpkgs.lib",
        "type": "github"
      }
    },
    "nixpkgs_2": {
      "locked": {
        "lastModified": 1783604885,
        "narHash": "sha256-tzMgSkV7kljEkqIjlgV6F+n+xD+/a35Db8bs7a4BFAo=",
        "owner": "NixOS",
        "repo": "nixpkgs",
        "rev": "767b0d3ec98a143ad9ed7dfc0d5553510ac27133",
        "type": "github"
      },
      "original": {
        "owner": "NixOS",
        "ref": "nixpkgs-unstable",
        "repo": "nixpkgs",
        "type": "github"
      }
    },
    "nixpkgs_3": {
      "locked": {
        "lastModified": 1752480373,
        "narHash": "sha256-JHQbm+OcGp32wAsXTE/FLYGNpb+4GLi5oTvCxwSoBOA=",
        "owner": "NixOS",
        "repo": "nixpkgs",
        "rev": "62e0f05ede1da0d54515d4ea8ce9c733f12d9f08",
        "type": "github"
      },
      "original": {
        "owner": "NixOS",
        "ref": "nixos-unstable",
        "repo": "nixpkgs",
        "type": "github"
      }
    },
    "nixpkgs_4": {
      "locked": {
        "lastModified": 1784356753,
        "narHash": "sha256-12KrbMiWLcf8m7pCvAtZh1ZrgF85ZXDXvfR/fWTKy84=",
        "owner": "NixOS",
        "repo": "nixpkgs",
        "rev": "61b7c44c4073f0b827768aff0049561b5110ea5a",
        "type": "github"
      },
      "original": {
        "owner": "NixOS",
        "ref": "nixos-unstable",
        "repo": "nixpkgs",
        "type": "github"
      }
    },
    "nixpkgs_5": {
      "locked": {
        "lastModified": 1784562103,
        "narHash": "sha256-SDfOAeaWP2T/rNsZO9PTzcBdxYD7zDKk/Fclcpk+0Ng=",
        "owner": "NixOS",
        "repo": "nixpkgs",
        "rev": "307e8e4aa0873a206264db7da7f0427d0c0859df",
        "type": "github"
      },
      "original": {
        "owner": "NixOS",
        "ref": "nixos-unstable-small",
        "repo": "nixpkgs",
        "type": "github"
      }
    },
    "nixpkgs_6": {
      "locked": {
        "lastModified": 1784497964,
        "narHash": "sha256-vlHUuqAcbcH2RKmHbPiuQzbv1pnzzavXnI62RD0bqCU=",
        "owner": "NixOS",
        "repo": "nixpkgs",
        "rev": "241313f4e8e508cb9b13278c2b0fa25b9ca27163",
        "type": "github"
      },
      "original": {
        "owner": "NixOS",
        "ref": "nixos-unstable",
        "repo": "nixpkgs",
        "type": "github"
      }
    },
    "nixpkgs_7": {
      "locked": {
        "lastModified": 1781607440,
        "narHash": "sha256-rxO+uc/KFbSJp+pgyXRuAX6QlG9hJdnt0BXpEQRXY+U=",
        "owner": "NixOS",
        "repo": "nixpkgs",
        "rev": "3e41b24abd260e8f71dbe2f5737d24122f972158",
        "type": "github"
      },
      "original": {
        "owner": "NixOS",
        "ref": "nixpkgs-unstable",
        "repo": "nixpkgs",
        "type": "github"
      }
    },
    "nixpkgs_8": {
      "locked": {
        "lastModified": 1783776592,
        "narHash": "sha256-UgCQzxeWI75XM8G+hPrPh+MKzEPjG3SpAj7dtqSbksA=",
        "owner": "NixOS",
        "repo": "nixpkgs",
        "rev": "e7a3ca8092b61ff85b6a45bf863ea2b2d6a661b3",
        "type": "github"
      },
      "original": {
        "owner": "NixOS",
        "ref": "nixos-unstable",
        "repo": "nixpkgs",
        "type": "github"
      }
    },
    "noctalia": {
      "inputs": {
        "nixpkgs": [
          "nixpkgs"
        ]
      },
      "locked": {
        "lastModified": 1784635834,
        "narHash": "sha256-n1BN4db20v+m3Fk/W13D2qDV9MEl9+x1BkHQ68wn1mc=",
        "owner": "noctalia-dev",
        "repo": "noctalia",
        "rev": "6d7677827ca1d5f09df2abc48c382c93f6b5909c",
        "type": "github"
      },
      "original": {
        "owner": "noctalia-dev",
        "repo": "noctalia",
        "type": "github"
      }
    },
    "root": {
      "inputs": {
        "daeuniverse": "daeuniverse",
        "disko": "disko",
        "home-manager": "home-manager",
        "lazyvim": "lazyvim",
        "miyu": "miyu",
        "nix-cachyos-kernel": "nix-cachyos-kernel",
        "nixpkgs": "nixpkgs_6",
        "noctalia": "noctalia",
        "shorin-niri": "shorin-niri",
        "waydroid-nvidia-nix": "waydroid-nvidia-nix",
        "we-layerd": "we-layerd"
      }
    },
    "rust-overlay": {
      "inputs": {
        "nixpkgs": [
          "miyu",
          "nixpkgs"
        ]
      },
      "locked": {
        "lastModified": 1784438913,
        "narHash": "sha256-NYF7ZM5ip0u+w1pBFDpIGEbrbgN/wpnLFAmBkWkYMXw=",
        "owner": "oxalica",
        "repo": "rust-overlay",
        "rev": "afacd6819d3765a05814ee8e3de74c77d42ac799",
        "type": "github"
      },
      "original": {
        "owner": "oxalica",
        "repo": "rust-overlay",
        "type": "github"
      }
    },
    "shorin-niri": {
      "inputs": {
        "nixpkgs": "nixpkgs_7",
        "shorin-niri": "shorin-niri_2"
      },
      "locked": {
        "lastModified": 1784193513,
        "narHash": "sha256-san4XFAI3NxAQYlZOdY0HW8PCZYufI2oIWmLxnrv2ls=",
        "owner": "yigexuanmu",
        "repo": "shorin-niri-nix",
        "rev": "d2e12f9acc9b92a8a2e1ca02efe9835b196d973b",
        "type": "github"
      },
      "original": {
        "owner": "yigexuanmu",
        "repo": "shorin-niri-nix",
        "type": "github"
      }
    },
    "shorin-niri_2": {
      "flake": false,
      "locked": {
        "lastModified": 1784023492,
        "narHash": "sha256-UyBGEn/4LGepzfLqxtDerEXFbqp4VKFOTKwx0h/fWk0=",
        "owner": "SHORiN-KiWATA",
        "repo": "niri",
        "rev": "4048aa081b7f0b7fe73187e7e8bce39f8255634c",
        "type": "github"
      },
      "original": {
        "owner": "SHORiN-KiWATA",
        "repo": "niri",
        "type": "github"
      }
    },
    "systems": {
      "locked": {
        "lastModified": 1681028828,
        "narHash": "sha256-Vy1rq5AaRuLzOxct8nz4T6wlgyUR7zLU309k9mBC768=",
        "owner": "nix-systems",
        "repo": "default",
        "rev": "da67096a3b9bf56a91d16901293e51ba5b49a27e",
        "type": "github"
      },
      "original": {
        "owner": "nix-systems",
        "repo": "default",
        "type": "github"
      }
    },
    "systems_2": {
      "locked": {
        "lastModified": 1681028828,
        "narHash": "sha256-Vy1rq5AaRuLzOxct8nz4T6wlgyUR7zLU309k9mBC768=",
        "owner": "nix-systems",
        "repo": "default",
        "rev": "da67096a3b9bf56a91d16901293e51ba5b49a27e",
        "type": "github"
      },
      "original": {
        "owner": "nix-systems",
        "repo": "default",
        "type": "github"
      }
    },
    "waydroid-nvidia-nix": {
      "inputs": {
        "nixpkgs": [
          "nixpkgs"
        ],
        "wnv-src": "wnv-src"
      },
      "locked": {
        "lastModified": 1784767273,
        "narHash": "sha256-Afg8GrDay/Qm3ftc7TlNF92NHcs4glzWhpIAMjW/RLY=",
        "owner": "yigexuanmu",
        "repo": "waydroid-nvidia-nix",
        "rev": "2beca8fa11ca7f5af71d4056ab4eccbbfe530443",
        "type": "github"
      },
      "original": {
        "owner": "yigexuanmu",
        "repo": "waydroid-nvidia-nix",
        "type": "github"
      }
    },
    "we-layerd": {
      "inputs": {
        "nixpkgs": "nixpkgs_8"
      },
      "locked": {
        "lastModified": 1784044181,
        "narHash": "sha256-HHIA75cx8bxR/sMfUN1VemK+OnCGekkbc80c/8EXxTE=",
        "owner": "yigexuanmu",
        "repo": "we-layerd-nix",
        "rev": "9397b3898385e80714fa5ada63c7cf843c15265f",
        "type": "github"
      },
      "original": {
        "owner": "yigexuanmu",
        "repo": "we-layerd-nix",
        "type": "github"
      }
    },
    "wnv-src": {
      "flake": false,
      "locked": {
        "lastModified": 1784756761,
        "narHash": "sha256-idNA2hQyYOXGjdQkB/VXHUuT9VqHi0IUjM4WS5dR7KY=",
        "owner": "Shiro836",
        "repo": "waydroid-nvidia",
        "rev": "4e8650251c3518d1fabc1498dcd4853b569b6863",
        "type": "github"
      },
      "original": {
        "owner": "Shiro836",
        "ref": "v0.1.1",
        "repo": "waydroid-nvidia",
        "type": "github"
      }
    }
  },
  "root": "root",
  "version": 7
}
